
Microsoft Visual Studio Solution File, Format Version 12.00
# Visual Studio Version 16
VisualStudioVersion = 16.0.33027.164
MinimumVisualStudioVersion = 10.0.40219.1
Project("{FAE04EC0-301F-11D3-BF4B-00C04F79EFBC}") = "WebApplication1", "WebApplication1\WebApplication1.csproj", "{40CA53C3-26BB-4C7D-B099-10AF8184BCC4}"
EndProject
Global
	GlobalSection(SolutionConfigurationPlatforms) = preSolution
		Debug|Any CPU = Debug|Any CPU
		Release|Any CPU = Release|Any CPU
	EndGlobalSection
	GlobalSection(ProjectConfigurationPlatforms) = postSolution
		{40CA53C3-26BB-4C7D-B099-10AF8184BCC4}.Debug|Any CPU.ActiveCfg = Debug|Any CPU
		{40CA53C3-26BB-4C7D-B099-10AF8184BCC4}.Debug|Any CPU.Build.0 = Debug|Any CPU
		{40CA53C3-26BB-4C7D-B099-10AF8184BCC4}.Release|Any CPU.ActiveCfg = Release|Any CPU
		{40CA53C3-26BB-4C7D-B099-10AF8184BCC4}.Release|Any CPU.Build.0 = Release|Any CPU
	EndGlobalSection
	GlobalSection(SolutionProperties) = preSolution
		HideSolutionNode = FALSE
	EndGlobalSection
	GlobalSection(ExtensibilityGlobals) = postSolution
		SolutionGuid = {F883DDF1-9490-4107-B344-455F836CA9DC}
	EndGlobalSection
EndGlobal
